
Microsoft Visual Studio Solution File, Format Version 12.00
# Visual Studio Version 17
VisualStudioVersion = 17.13.35931.197 d17.13
MinimumVisualStudioVersion = 10.0.40219.1
Project("{FAE04EC0-301F-11D3-BF4B-00C04F79EFBC}") = "Discharge_Resistor_Calculator", "Discharge_Resistor_Calculator.csproj", "{9E8CAFCD-0BA9-455E-BC54-78180C82D0A7}"
EndProject
Global
	GlobalSection(SolutionConfigurationPlatforms) = preSolution
		Debug|Any CPU = Debug|Any CPU
		Release|Any CPU = Release|Any CPU
	EndGlobalSection
	GlobalSection(ProjectConfigurationPlatforms) = postSolution
		{9E8CAFCD-0BA9-455E-BC54-78180C82D0A7}.Debug|Any CPU.ActiveCfg = Debug|Any CPU
		{9E8CAFCD-0BA9-455E-BC54-78180C82D0A7}.Debug|Any CPU.Build.0 = Debug|Any CPU
		{9E8CAFCD-0BA9-455E-BC54-78180C82D0A7}.Debug|Any CPU.Deploy.0 = Debug|Any CPU
		{9E8CAFCD-0BA9-455E-BC54-78180C82D0A7}.Release|Any CPU.ActiveCfg = Release|Any CPU
		{9E8CAFCD-0BA9-455E-BC54-78180C82D0A7}.Release|Any CPU.Build.0 = Release|Any CPU
		{9E8CAFCD-0BA9-455E-BC54-78180C82D0A7}.Release|Any CPU.Deploy.0 = Release|Any CPU
	EndGlobalSection
	GlobalSection(SolutionProperties) = preSolution
		HideSolutionNode = FALSE
	EndGlobalSection
	GlobalSection(ExtensibilityGlobals) = postSolution
		SolutionGuid = {30B7EB50-20FE-49F3-BBD3-7104B953FF7B}
	EndGlobalSection
EndGlobal
